
Microsoft Visual Studio Solution File, Format Version 12.00
# Visual Studio Version 16
VisualStudioVersion = 16.0.30323.103
MinimumVisualStudioVersion = 10.0.40219.1
Project("{FAE04EC0-301F-11D3-BF4B-00C04F79EFBC}") = "Driver.PhillipsHue", "Driver.PhillipsHue.csproj", "{6260B4D2-CAA5-4934-AD5F-F0A8A6622AC2}"
EndProject
Global
	GlobalSection(SolutionConfigurationPlatforms) = preSolution
		Debug|Any CPU = Debug|Any CPU
		Release|Any CPU = Release|Any CPU
	EndGlobalSection
	GlobalSection(ProjectConfigurationPlatforms) = postSolution
		{6260B4D2-CAA5-4934-AD5F-F0A8A6622AC2}.Debug|Any CPU.ActiveCfg = Debug|Any CPU
		{6260B4D2-CAA5-4934-AD5F-F0A8A6622AC2}.Debug|Any CPU.Build.0 = Debug|Any CPU
		{6260B4D2-CAA5-4934-AD5F-F0A8A6622AC2}.Release|Any CPU.ActiveCfg = Release|Any CPU
		{6260B4D2-CAA5-4934-AD5F-F0A8A6622AC2}.Release|Any CPU.Build.0 = Release|Any CPU
	EndGlobalSection
	GlobalSection(SolutionProperties) = preSolution
		HideSolutionNode = FALSE
	EndGlobalSection
	GlobalSection(ExtensibilityGlobals) = postSolution
		SolutionGuid = {2A2B0E3C-96CB-439F-AF0C-E0E5BC6C3488}
	EndGlobalSection
EndGlobal
